
Microsoft Visual Studio Solution File, Format Version 12.00
Project("{FAE04EC0-301F-11D3-BF4B-00C04F79EFBC}") = "Todo.Api", "Todo.Api\Todo.Api.csproj", "{F5D1FB07-FC11-48E7-809E-D903ECF1CF3F}"
EndProject
Project("{FAE04EC0-301F-11D3-BF4B-00C04F79EFBC}") = "Todo.Func", "Todo.Func\Todo.Func.csproj", "{93683CC1-F3D0-40D4-A53F-F3A0CAE5ABB9}"
EndProject
Global
	GlobalSection(SolutionConfigurationPlatforms) = preSolution
		Debug|Any CPU = Debug|Any CPU
		Release|Any CPU = Release|Any CPU
	EndGlobalSection
	GlobalSection(ProjectConfigurationPlatforms) = postSolution
		{F5D1FB07-FC11-48E7-809E-D903ECF1CF3F}.Debug|Any CPU.ActiveCfg = Debug|Any CPU
		{F5D1FB07-FC11-48E7-809E-D903ECF1CF3F}.Debug|Any CPU.Build.0 = Debug|Any CPU
		{F5D1FB07-FC11-48E7-809E-D903ECF1CF3F}.Release|Any CPU.ActiveCfg = Release|Any CPU
		{F5D1FB07-FC11-48E7-809E-D903ECF1CF3F}.Release|Any CPU.Build.0 = Release|Any CPU
		{93683CC1-F3D0-40D4-A53F-F3A0CAE5ABB9}.Debug|Any CPU.ActiveCfg = Debug|Any CPU
		{93683CC1-F3D0-40D4-A53F-F3A0CAE5ABB9}.Debug|Any CPU.Build.0 = Debug|Any CPU
		{93683CC1-F3D0-40D4-A53F-F3A0CAE5ABB9}.Release|Any CPU.ActiveCfg = Release|Any CPU
		{93683CC1-F3D0-40D4-A53F-F3A0CAE5ABB9}.Release|Any CPU.Build.0 = Release|Any CPU
	EndGlobalSection
EndGlobal
